
Microsoft Visual Studio Solution File, Format Version 12.00
# Visual Studio Version 17
VisualStudioVersion = 17.2.32630.192
MinimumVisualStudioVersion = 10.0.40219.1
Project("{FAE04EC0-301F-11D3-BF4B-00C04F79EFBC}") = "AssignmentJenkins2", "AssignmentJenkins2.csproj", "{291BD236-C3B4-46B8-9BD4-649EB769C8A6}"
EndProject
Global
	GlobalSection(SolutionConfigurationPlatforms) = preSolution
		Debug|Any CPU = Debug|Any CPU
		Release|Any CPU = Release|Any CPU
	EndGlobalSection
	GlobalSection(ProjectConfigurationPlatforms) = postSolution
		{291BD236-C3B4-46B8-9BD4-649EB769C8A6}.Debug|Any CPU.ActiveCfg = Debug|Any CPU
		{291BD236-C3B4-46B8-9BD4-649EB769C8A6}.Debug|Any CPU.Build.0 = Debug|Any CPU
		{291BD236-C3B4-46B8-9BD4-649EB769C8A6}.Release|Any CPU.ActiveCfg = Release|Any CPU
		{291BD236-C3B4-46B8-9BD4-649EB769C8A6}.Release|Any CPU.Build.0 = Release|Any CPU
	EndGlobalSection
	GlobalSection(SolutionProperties) = preSolution
		HideSolutionNode = FALSE
	EndGlobalSection
	GlobalSection(ExtensibilityGlobals) = postSolution
		SolutionGuid = {2B39C9DF-58C0-4648-A67F-6B4A329A078B}
	EndGlobalSection
EndGlobal
